{
    "_readme": [
        "This file locks the dependencies of your project to a known state",
        "Read more about it at https://getcomposer.org/doc/01-basic-usage.md#composer-lock-the-lock-file",
        "This file is @generated automatically"
    ],
    "content-hash": "a18e0084b992ecd7800d00b6a1eeef7a",
    "packages": [
        {
            "name": "geopackage/geosystem",
            "version": "dev-master",
            "source": {
                "type": "git",
                "url": "https://github.com/ruthqv/geopackage.git",
                "reference": "a47bb65dea673f77be8b8258f357a65dd3a9bce9"
            },
            "dist": {
                "type": "zip",
                "url": "https://api.github.com/repos/ruthqv/geopackage/zipball/a47bb65dea673f77be8b8258f357a65dd3a9bce9",
                "reference": "a47bb65dea673f77be8b8258f357a65dd3a9bce9",
                "shasum": ""
            },
            "require": {
                "php": ">=5.6.4"
            },
            "type": "package",
            "extra": {
                "laravel": {
                    "providers": [
                        "geo\\geosystem\\GeoSystemServiceProvider"
                    ],
                    "aliases": {
                        "geo": "geo\\geosystem\\Facade"
                    }
                }
            },
            "autoload": {
                "psr-4": {
                    "geo\\geosystem\\": "src/"
                }
            },
            "notification-url": "https://packagist.org/downloads/",
            "license": [
                "MIT"
            ],
            "authors": [
                {
                    "name": "ruthqv",
                    "email": "rqvaquero@gmail.com"
                }
            ],
            "description": "geopackage system",
            "time": "2017-12-22T07:17:28+00:00"
        }
    ],
    "packages-dev": [],
    "aliases": [],
    "minimum-stability": "dev",
    "stability-flags": {
        "geopackage/geosystem": 20
    },
    "prefer-stable": false,
    "prefer-lowest": false,
    "platform": {
        "php": ">=5.6.4"
    },
    "platform-dev": []
}
